{
  "requires": true,
  "lockfileVersion": 1,
  "dependencies": {
    "cordova-admob": {
      "version": "5.1.0",
      "resolved": "https://registry.npmjs.org/cordova-admob/-/cordova-admob-5.1.0.tgz",
      "integrity": "sha512-gKh96VvSat9+jt347lC7nU5zpySbVNRiMb0+o0ns4V7Z9y7aecLSb4Flf3pPWK0Wj6hvx8nqbfIAv+KYC6MgVg=="
    },
    "cordova-plugin-inappbrowser": {
      "version": "3.0.0",
      "resolved": "https://registry.npmjs.org/cordova-plugin-inappbrowser/-/cordova-plugin-inappbrowser-3.0.0.tgz",
      "integrity": "sha1-1K4A02Z2IQdRBXrSWK5K1KkWGto="
    }
  }
}
